
Microsoft Visual Studio Solution File, Format Version 12.00
# Visual Studio Version 17
Project("{8BC9CEB8-8B4A-11D0-8D11-00A0C91BC942}") = "ALL_BUILD", "ALL_BUILD.vcxproj", "{B870DF04-3C5A-3084-83B6-886BA06D5526}"
	ProjectSection(ProjectDependencies) = postProject
		{D1FF7177-A65B-3C0D-B9C6-9D4B735EA9C8} = {D1FF7177-A65B-3C0D-B9C6-9D4B735EA9C8}
	EndProjectSection
EndProject
Project("{8BC9CEB8-8B4A-11D0-8D11-00A0C91BC942}") = "CBCT", "CBCT.vcxproj", "{F8CB506E-3A31-38C0-BD75-B52E186D9034}"
	ProjectSection(ProjectDependencies) = postProject
		{D1FF7177-A65B-3C0D-B9C6-9D4B735EA9C8} = {D1FF7177-A65B-3C0D-B9C6-9D4B735EA9C8}
	EndProjectSection
EndProject
Project("{8BC9CEB8-8B4A-11D0-8D11-00A0C91BC942}") = "MySimulation", "MySimulation.vcxproj", "{D1FF7177-A65B-3C0D-B9C6-9D4B735EA9C8}"
	ProjectSection(ProjectDependencies) = postProject
	EndProjectSection
EndProject
Global
	GlobalSection(SolutionConfigurationPlatforms) = preSolution
		Debug|x64 = Debug|x64
		Release|x64 = Release|x64
		MinSizeRel|x64 = MinSizeRel|x64
		RelWithDebInfo|x64 = RelWithDebInfo|x64
	EndGlobalSection
	GlobalSection(ProjectConfigurationPlatforms) = postSolution
		{B870DF04-3C5A-3084-83B6-886BA06D5526}.Debug|x64.ActiveCfg = Debug|x64
		{B870DF04-3C5A-3084-83B6-886BA06D5526}.Release|x64.ActiveCfg = Release|x64
		{B870DF04-3C5A-3084-83B6-886BA06D5526}.MinSizeRel|x64.ActiveCfg = MinSizeRel|x64
		{B870DF04-3C5A-3084-83B6-886BA06D5526}.RelWithDebInfo|x64.ActiveCfg = RelWithDebInfo|x64
		{F8CB506E-3A31-38C0-BD75-B52E186D9034}.Debug|x64.ActiveCfg = Debug|x64
		{F8CB506E-3A31-38C0-BD75-B52E186D9034}.Release|x64.ActiveCfg = Release|x64
		{F8CB506E-3A31-38C0-BD75-B52E186D9034}.MinSizeRel|x64.ActiveCfg = MinSizeRel|x64
		{F8CB506E-3A31-38C0-BD75-B52E186D9034}.RelWithDebInfo|x64.ActiveCfg = RelWithDebInfo|x64
		{D1FF7177-A65B-3C0D-B9C6-9D4B735EA9C8}.Debug|x64.ActiveCfg = Debug|x64
		{D1FF7177-A65B-3C0D-B9C6-9D4B735EA9C8}.Debug|x64.Build.0 = Debug|x64
		{D1FF7177-A65B-3C0D-B9C6-9D4B735EA9C8}.Release|x64.ActiveCfg = Release|x64
		{D1FF7177-A65B-3C0D-B9C6-9D4B735EA9C8}.Release|x64.Build.0 = Release|x64
		{D1FF7177-A65B-3C0D-B9C6-9D4B735EA9C8}.MinSizeRel|x64.ActiveCfg = MinSizeRel|x64
		{D1FF7177-A65B-3C0D-B9C6-9D4B735EA9C8}.MinSizeRel|x64.Build.0 = MinSizeRel|x64
		{D1FF7177-A65B-3C0D-B9C6-9D4B735EA9C8}.RelWithDebInfo|x64.ActiveCfg = RelWithDebInfo|x64
		{D1FF7177-A65B-3C0D-B9C6-9D4B735EA9C8}.RelWithDebInfo|x64.Build.0 = RelWithDebInfo|x64
	EndGlobalSection
	GlobalSection(ExtensibilityGlobals) = postSolution
		SolutionGuid = {A9E9F909-1A61-33BE-82A5-EA76463A78A8}
	EndGlobalSection
	GlobalSection(ExtensibilityAddIns) = postSolution
	EndGlobalSection
EndGlobal
