<?xml version="1.0" encoding="utf-8"?>
<Project ToolsVersion="17.0" xmlns="http://schemas.microsoft.com/developer/msbuild/2003">
  <ItemGroup>
    <ClCompile Include="D:\Github\TrueBeamSTX-EBT3-2Seg-Geant4\Head\MySimulation.cc">
      <Filter>Source Files</Filter>
    </ClCompile>
    <ClCompile Include="D:\Github\TrueBeamSTX-EBT3-2Seg-Geant4\Head\src\ActionInitialization.cc">
      <Filter>Source Files</Filter>
    </ClCompile>
    <ClCompile Include="D:\Github\TrueBeamSTX-EBT3-2Seg-Geant4\Head\src\BREMSPEProcess.cc">
      <Filter>Source Files</Filter>
    </ClCompile>
    <ClCompile Include="D:\Github\TrueBeamSTX-EBT3-2Seg-Geant4\Head\src\DetectorConstruction.cc">
      <Filter>Source Files</Filter>
    </ClCompile>
    <ClCompile Include="D:\Github\TrueBeamSTX-EBT3-2Seg-Geant4\Head\src\DetectorMessenger.cc">
      <Filter>Source Files</Filter>
    </ClCompile>
    <ClCompile Include="D:\Github\TrueBeamSTX-EBT3-2Seg-Geant4\Head\src\PhysicsList.cc">
      <Filter>Source Files</Filter>
    </ClCompile>
    <ClCompile Include="D:\Github\TrueBeamSTX-EBT3-2Seg-Geant4\Head\src\PhysicsListMessenger.cc">
      <Filter>Source Files</Filter>
    </ClCompile>
    <ClCompile Include="D:\Github\TrueBeamSTX-EBT3-2Seg-Geant4\Head\src\PrimaryGeneratorAction.cc">
      <Filter>Source Files</Filter>
    </ClCompile>
  </ItemGroup>
  <ItemGroup>
    <ClInclude Include="D:\Github\TrueBeamSTX-EBT3-2Seg-Geant4\Head\include\ActionInitialization.hh">
      <Filter>Header Files</Filter>
    </ClInclude>
    <ClInclude Include="D:\Github\TrueBeamSTX-EBT3-2Seg-Geant4\Head\include\BREMSPEProcess.hh">
      <Filter>Header Files</Filter>
    </ClInclude>
    <ClInclude Include="D:\Github\TrueBeamSTX-EBT3-2Seg-Geant4\Head\include\DetectorConstruction.hh">
      <Filter>Header Files</Filter>
    </ClInclude>
    <ClInclude Include="D:\Github\TrueBeamSTX-EBT3-2Seg-Geant4\Head\include\DetectorMessenger.hh">
      <Filter>Header Files</Filter>
    </ClInclude>
    <ClInclude Include="D:\Github\TrueBeamSTX-EBT3-2Seg-Geant4\Head\include\PhysicsList.hh">
      <Filter>Header Files</Filter>
    </ClInclude>
    <ClInclude Include="D:\Github\TrueBeamSTX-EBT3-2Seg-Geant4\Head\include\PhysicsListMessenger.hh">
      <Filter>Header Files</Filter>
    </ClInclude>
    <ClInclude Include="D:\Github\TrueBeamSTX-EBT3-2Seg-Geant4\Head\include\PrimaryGeneratorAction.hh">
      <Filter>Header Files</Filter>
    </ClInclude>
  </ItemGroup>
  <ItemGroup>
    <CustomBuild Include="D:\Github\TrueBeamSTX-EBT3-2Seg-Geant4\Head\CMakeLists.txt" />
  </ItemGroup>
  <ItemGroup>
    <Filter Include="Header Files">
      <UniqueIdentifier>{592E54FB-82FD-31BD-9DFE-1107C26A41A2}</UniqueIdentifier>
    </Filter>
    <Filter Include="Source Files">
      <UniqueIdentifier>{A8D0FCED-52CB-391C-9236-FE8124E3B7C9}</UniqueIdentifier>
    </Filter>
  </ItemGroup>
</Project>
