<?xml version="1.0" encoding="utf-8"?>
<Project ToolsVersion="17.0" xmlns="http://schemas.microsoft.com/developer/msbuild/2003">
  <ItemGroup>
    <Filter Include="CMake Rules">
      <UniqueIdentifier>{9DB58585-2B77-36D1-87CA-F62952E8731B}</UniqueIdentifier>
    </Filter>
  </ItemGroup>
</Project>
