
Microsoft Visual Studio Solution File, Format Version 12.00
# Visual Studio Version 17
Project("{8BC9CEB8-8B4A-11D0-8D11-00A0C91BC942}") = "ALL_BUILD", "ALL_BUILD.vcxproj", "{3A669358-373B-3E27-941C-6EA5873C0EA2}"
	ProjectSection(ProjectDependencies) = postProject
		{549A6051-0F42-3E43-94D9-D6F341730B51} = {549A6051-0F42-3E43-94D9-D6F341730B51}
	EndProjectSection
EndProject
Project("{8BC9CEB8-8B4A-11D0-8D11-00A0C91BC942}") = "CBCT", "CBCT.vcxproj", "{52913C1A-AE11-39BD-9AAF-6D4E68AFF305}"
	ProjectSection(ProjectDependencies) = postProject
		{549A6051-0F42-3E43-94D9-D6F341730B51} = {549A6051-0F42-3E43-94D9-D6F341730B51}
	EndProjectSection
EndProject
Project("{8BC9CEB8-8B4A-11D0-8D11-00A0C91BC942}") = "MySimulation", "MySimulation.vcxproj", "{549A6051-0F42-3E43-94D9-D6F341730B51}"
	ProjectSection(ProjectDependencies) = postProject
	EndProjectSection
EndProject
Global
	GlobalSection(SolutionConfigurationPlatforms) = preSolution
		Debug|x64 = Debug|x64
		Release|x64 = Release|x64
		MinSizeRel|x64 = MinSizeRel|x64
		RelWithDebInfo|x64 = RelWithDebInfo|x64
	EndGlobalSection
	GlobalSection(ProjectConfigurationPlatforms) = postSolution
		{3A669358-373B-3E27-941C-6EA5873C0EA2}.Debug|x64.ActiveCfg = Debug|x64
		{3A669358-373B-3E27-941C-6EA5873C0EA2}.Release|x64.ActiveCfg = Release|x64
		{3A669358-373B-3E27-941C-6EA5873C0EA2}.MinSizeRel|x64.ActiveCfg = MinSizeRel|x64
		{3A669358-373B-3E27-941C-6EA5873C0EA2}.RelWithDebInfo|x64.ActiveCfg = RelWithDebInfo|x64
		{52913C1A-AE11-39BD-9AAF-6D4E68AFF305}.Debug|x64.ActiveCfg = Debug|x64
		{52913C1A-AE11-39BD-9AAF-6D4E68AFF305}.Release|x64.ActiveCfg = Release|x64
		{52913C1A-AE11-39BD-9AAF-6D4E68AFF305}.MinSizeRel|x64.ActiveCfg = MinSizeRel|x64
		{52913C1A-AE11-39BD-9AAF-6D4E68AFF305}.RelWithDebInfo|x64.ActiveCfg = RelWithDebInfo|x64
		{549A6051-0F42-3E43-94D9-D6F341730B51}.Debug|x64.ActiveCfg = Debug|x64
		{549A6051-0F42-3E43-94D9-D6F341730B51}.Debug|x64.Build.0 = Debug|x64
		{549A6051-0F42-3E43-94D9-D6F341730B51}.Release|x64.ActiveCfg = Release|x64
		{549A6051-0F42-3E43-94D9-D6F341730B51}.Release|x64.Build.0 = Release|x64
		{549A6051-0F42-3E43-94D9-D6F341730B51}.MinSizeRel|x64.ActiveCfg = MinSizeRel|x64
		{549A6051-0F42-3E43-94D9-D6F341730B51}.MinSizeRel|x64.Build.0 = MinSizeRel|x64
		{549A6051-0F42-3E43-94D9-D6F341730B51}.RelWithDebInfo|x64.ActiveCfg = RelWithDebInfo|x64
		{549A6051-0F42-3E43-94D9-D6F341730B51}.RelWithDebInfo|x64.Build.0 = RelWithDebInfo|x64
	EndGlobalSection
	GlobalSection(ExtensibilityGlobals) = postSolution
		SolutionGuid = {E0E1AAAE-6B0D-32D1-A96D-6B7FC97B4D56}
	EndGlobalSection
	GlobalSection(ExtensibilityAddIns) = postSolution
	EndGlobalSection
EndGlobal
