<?xml version="1.0" encoding="utf-8"?>
<Project ToolsVersion="17.0" xmlns="http://schemas.microsoft.com/developer/msbuild/2003">
  <ItemGroup>
    <ClCompile Include="D:\Github\TrueBeamSTX-EBT3-2Seg-Geant4\LinacHead\MySimulation.cc">
      <Filter>Source Files</Filter>
    </ClCompile>
    <ClCompile Include="D:\Github\TrueBeamSTX-EBT3-2Seg-Geant4\LinacHead\src\ActionInitialization.cc">
      <Filter>Source Files</Filter>
    </ClCompile>
    <ClCompile Include="D:\Github\TrueBeamSTX-EBT3-2Seg-Geant4\LinacHead\src\BREMSPEProcess.cc">
      <Filter>Source Files</Filter>
    </ClCompile>
    <ClCompile Include="D:\Github\TrueBeamSTX-EBT3-2Seg-Geant4\LinacHead\src\DetectorConstruction.cc">
      <Filter>Source Files</Filter>
    </ClCompile>
    <ClCompile Include="D:\Github\TrueBeamSTX-EBT3-2Seg-Geant4\LinacHead\src\DetectorMessenger.cc">
      <Filter>Source Files</Filter>
    </ClCompile>
    <ClCompile Include="D:\Github\TrueBeamSTX-EBT3-2Seg-Geant4\LinacHead\src\EventAction.cc">
      <Filter>Source Files</Filter>
    </ClCompile>
    <ClCompile Include="D:\Github\TrueBeamSTX-EBT3-2Seg-Geant4\LinacHead\src\G4IAEAphspWriter.cc">
      <Filter>Source Files</Filter>
    </ClCompile>
    <ClCompile Include="D:\Github\TrueBeamSTX-EBT3-2Seg-Geant4\LinacHead\src\PhysicsList.cc">
      <Filter>Source Files</Filter>
    </ClCompile>
    <ClCompile Include="D:\Github\TrueBeamSTX-EBT3-2Seg-Geant4\LinacHead\src\PhysicsListMessenger.cc">
      <Filter>Source Files</Filter>
    </ClCompile>
    <ClCompile Include="D:\Github\TrueBeamSTX-EBT3-2Seg-Geant4\LinacHead\src\PrimaryGeneratorAction.cc">
      <Filter>Source Files</Filter>
    </ClCompile>
    <ClCompile Include="D:\Github\TrueBeamSTX-EBT3-2Seg-Geant4\LinacHead\src\RunAction.cc">
      <Filter>Source Files</Filter>
    </ClCompile>
    <ClCompile Include="D:\Github\TrueBeamSTX-EBT3-2Seg-Geant4\LinacHead\src\RunMessenger.cc">
      <Filter>Source Files</Filter>
    </ClCompile>
    <ClCompile Include="D:\Github\TrueBeamSTX-EBT3-2Seg-Geant4\LinacHead\src\SteppingAction.cc">
      <Filter>Source Files</Filter>
    </ClCompile>
    <ClCompile Include="D:\Github\TrueBeamSTX-EBT3-2Seg-Geant4\LinacHead\src\iaea_header.cc">
      <Filter>Source Files</Filter>
    </ClCompile>
    <ClCompile Include="D:\Github\TrueBeamSTX-EBT3-2Seg-Geant4\LinacHead\src\iaea_phsp.cc">
      <Filter>Source Files</Filter>
    </ClCompile>
    <ClCompile Include="D:\Github\TrueBeamSTX-EBT3-2Seg-Geant4\LinacHead\src\iaea_record.cc">
      <Filter>Source Files</Filter>
    </ClCompile>
    <ClCompile Include="D:\Github\TrueBeamSTX-EBT3-2Seg-Geant4\LinacHead\src\utilities.cc">
      <Filter>Source Files</Filter>
    </ClCompile>
  </ItemGroup>
  <ItemGroup>
    <ClInclude Include="D:\Github\TrueBeamSTX-EBT3-2Seg-Geant4\LinacHead\include\ActionInitialization.hh">
      <Filter>Header Files</Filter>
    </ClInclude>
    <ClInclude Include="D:\Github\TrueBeamSTX-EBT3-2Seg-Geant4\LinacHead\include\BREMSPEProcess.hh">
      <Filter>Header Files</Filter>
    </ClInclude>
    <ClInclude Include="D:\Github\TrueBeamSTX-EBT3-2Seg-Geant4\LinacHead\include\DetectorConstruction.hh">
      <Filter>Header Files</Filter>
    </ClInclude>
    <ClInclude Include="D:\Github\TrueBeamSTX-EBT3-2Seg-Geant4\LinacHead\include\DetectorMessenger.hh">
      <Filter>Header Files</Filter>
    </ClInclude>
    <ClInclude Include="D:\Github\TrueBeamSTX-EBT3-2Seg-Geant4\LinacHead\include\EventAction.hh">
      <Filter>Header Files</Filter>
    </ClInclude>
    <ClInclude Include="D:\Github\TrueBeamSTX-EBT3-2Seg-Geant4\LinacHead\include\G4IAEAphspWriter.hh">
      <Filter>Header Files</Filter>
    </ClInclude>
    <ClInclude Include="D:\Github\TrueBeamSTX-EBT3-2Seg-Geant4\LinacHead\include\PhysicsList.hh">
      <Filter>Header Files</Filter>
    </ClInclude>
    <ClInclude Include="D:\Github\TrueBeamSTX-EBT3-2Seg-Geant4\LinacHead\include\PhysicsListMessenger.hh">
      <Filter>Header Files</Filter>
    </ClInclude>
    <ClInclude Include="D:\Github\TrueBeamSTX-EBT3-2Seg-Geant4\LinacHead\include\PrimaryGeneratorAction.hh">
      <Filter>Header Files</Filter>
    </ClInclude>
    <ClInclude Include="D:\Github\TrueBeamSTX-EBT3-2Seg-Geant4\LinacHead\include\RunAction.hh">
      <Filter>Header Files</Filter>
    </ClInclude>
    <ClInclude Include="D:\Github\TrueBeamSTX-EBT3-2Seg-Geant4\LinacHead\include\RunMessenger.hh">
      <Filter>Header Files</Filter>
    </ClInclude>
    <ClInclude Include="D:\Github\TrueBeamSTX-EBT3-2Seg-Geant4\LinacHead\include\SteppingAction.hh">
      <Filter>Header Files</Filter>
    </ClInclude>
  </ItemGroup>
  <ItemGroup>
    <CustomBuild Include="D:\Github\TrueBeamSTX-EBT3-2Seg-Geant4\LinacHead\CMakeLists.txt" />
  </ItemGroup>
  <ItemGroup>
    <Filter Include="Header Files">
      <UniqueIdentifier>{94D5A4EC-B814-3ADA-96C0-C54E82F6F3F0}</UniqueIdentifier>
    </Filter>
    <Filter Include="Source Files">
      <UniqueIdentifier>{43D60968-5DE4-3C53-9046-128B35CCAB81}</UniqueIdentifier>
    </Filter>
  </ItemGroup>
</Project>
